
Microsoft Visual Studio Solution File, Format Version 12.00
# Visual Studio Version 17
VisualStudioVersion = 17.12.35707.178
MinimumVisualStudioVersion = 10.0.40219.1
Project("{8BC9CEB8-8B4A-11D0-8D11-00A0C91BC942}") = "SysProgDmitrieva", "SysProgDmitrieva\SysProgDmitrieva.vcxproj", "{E54A47C4-58F2-4FD8-BF6E-AB04707BC1B8}"
	ProjectSection(ProjectDependencies) = postProject
		{F991CDBF-6B05-4375-A50A-2A7168FD121F} = {F991CDBF-6B05-4375-A50A-2A7168FD121F}
	EndProjectSection
EndProject
Project("{FAE04EC0-301F-11D3-BF4B-00C04F79EFBC}") = "SysProgSharpDmitrieva", "SysProgSharpDmitrieva\SysProgSharpDmitrieva.csproj", "{473323A1-4636-4C86-95D4-5DA49B0D96BF}"
	ProjectSection(ProjectDependencies) = postProject
		{E54A47C4-58F2-4FD8-BF6E-AB04707BC1B8} = {E54A47C4-58F2-4FD8-BF6E-AB04707BC1B8}
		{F991CDBF-6B05-4375-A50A-2A7168FD121F} = {F991CDBF-6B05-4375-A50A-2A7168FD121F}
	EndProjectSection
EndProject
Project("{8BC9CEB8-8B4A-11D0-8D11-00A0C91BC942}") = "DllDmitrieva", "DllDmitrieva\DllDmitrieva.vcxproj", "{F991CDBF-6B05-4375-A50A-2A7168FD121F}"
EndProject
Global
	GlobalSection(SolutionConfigurationPlatforms) = preSolution
		Debug|Any CPU = Debug|Any CPU
		Debug|x64 = Debug|x64
		Debug|x86 = Debug|x86
		Release|Any CPU = Release|Any CPU
		Release|x64 = Release|x64
		Release|x86 = Release|x86
	EndGlobalSection
	GlobalSection(ProjectConfigurationPlatforms) = postSolution
		{E54A47C4-58F2-4FD8-BF6E-AB04707BC1B8}.Debug|Any CPU.ActiveCfg = Debug|x64
		{E54A47C4-58F2-4FD8-BF6E-AB04707BC1B8}.Debug|Any CPU.Build.0 = Debug|x64
		{E54A47C4-58F2-4FD8-BF6E-AB04707BC1B8}.Debug|x64.ActiveCfg = Debug|x64
		{E54A47C4-58F2-4FD8-BF6E-AB04707BC1B8}.Debug|x64.Build.0 = Debug|x64
		{E54A47C4-58F2-4FD8-BF6E-AB04707BC1B8}.Debug|x86.ActiveCfg = Debug|Win32
		{E54A47C4-58F2-4FD8-BF6E-AB04707BC1B8}.Debug|x86.Build.0 = Debug|Win32
		{E54A47C4-58F2-4FD8-BF6E-AB04707BC1B8}.Release|Any CPU.ActiveCfg = Release|x64
		{E54A47C4-58F2-4FD8-BF6E-AB04707BC1B8}.Release|Any CPU.Build.0 = Release|x64
		{E54A47C4-58F2-4FD8-BF6E-AB04707BC1B8}.Release|x64.ActiveCfg = Release|x64
		{E54A47C4-58F2-4FD8-BF6E-AB04707BC1B8}.Release|x64.Build.0 = Release|x64
		{E54A47C4-58F2-4FD8-BF6E-AB04707BC1B8}.Release|x86.ActiveCfg = Release|Win32
		{E54A47C4-58F2-4FD8-BF6E-AB04707BC1B8}.Release|x86.Build.0 = Release|Win32
		{473323A1-4636-4C86-95D4-5DA49B0D96BF}.Debug|Any CPU.ActiveCfg = Debug|Any CPU
		{473323A1-4636-4C86-95D4-5DA49B0D96BF}.Debug|Any CPU.Build.0 = Debug|Any CPU
		{473323A1-4636-4C86-95D4-5DA49B0D96BF}.Debug|x64.ActiveCfg = Debug|Any CPU
		{473323A1-4636-4C86-95D4-5DA49B0D96BF}.Debug|x64.Build.0 = Debug|Any CPU
		{473323A1-4636-4C86-95D4-5DA49B0D96BF}.Debug|x86.ActiveCfg = Debug|Any CPU
		{473323A1-4636-4C86-95D4-5DA49B0D96BF}.Debug|x86.Build.0 = Debug|Any CPU
		{473323A1-4636-4C86-95D4-5DA49B0D96BF}.Release|Any CPU.ActiveCfg = Release|Any CPU
		{473323A1-4636-4C86-95D4-5DA49B0D96BF}.Release|Any CPU.Build.0 = Release|Any CPU
		{473323A1-4636-4C86-95D4-5DA49B0D96BF}.Release|x64.ActiveCfg = Release|Any CPU
		{473323A1-4636-4C86-95D4-5DA49B0D96BF}.Release|x64.Build.0 = Release|Any CPU
		{473323A1-4636-4C86-95D4-5DA49B0D96BF}.Release|x86.ActiveCfg = Release|Any CPU
		{473323A1-4636-4C86-95D4-5DA49B0D96BF}.Release|x86.Build.0 = Release|Any CPU
		{F991CDBF-6B05-4375-A50A-2A7168FD121F}.Debug|Any CPU.ActiveCfg = Debug|x64
		{F991CDBF-6B05-4375-A50A-2A7168FD121F}.Debug|Any CPU.Build.0 = Debug|x64
		{F991CDBF-6B05-4375-A50A-2A7168FD121F}.Debug|x64.ActiveCfg = Debug|x64
		{F991CDBF-6B05-4375-A50A-2A7168FD121F}.Debug|x64.Build.0 = Debug|x64
		{F991CDBF-6B05-4375-A50A-2A7168FD121F}.Debug|x86.ActiveCfg = Debug|Win32
		{F991CDBF-6B05-4375-A50A-2A7168FD121F}.Debug|x86.Build.0 = Debug|Win32
		{F991CDBF-6B05-4375-A50A-2A7168FD121F}.Release|Any CPU.ActiveCfg = Release|x64
		{F991CDBF-6B05-4375-A50A-2A7168FD121F}.Release|Any CPU.Build.0 = Release|x64
		{F991CDBF-6B05-4375-A50A-2A7168FD121F}.Release|x64.ActiveCfg = Release|x64
		{F991CDBF-6B05-4375-A50A-2A7168FD121F}.Release|x64.Build.0 = Release|x64
		{F991CDBF-6B05-4375-A50A-2A7168FD121F}.Release|x86.ActiveCfg = Release|Win32
		{F991CDBF-6B05-4375-A50A-2A7168FD121F}.Release|x86.Build.0 = Release|Win32
	EndGlobalSection
	GlobalSection(SolutionProperties) = preSolution
		HideSolutionNode = FALSE
	EndGlobalSection
EndGlobal
